
Microsoft Visual Studio Solution File, Format Version 12.00
# Visual Studio Version 17
VisualStudioVersion = 17.14.36414.22 d17.14
MinimumVisualStudioVersion = 10.0.40219.1
Project("{FAE04EC0-301F-11D3-BF4B-00C04F79EFBC}") = "StarTickets", "StarTickets.csproj", "{5A3B5AD0-8F3F-4174-AAB0-C50E11C017BC}"
EndProject
Global
	GlobalSection(SolutionConfigurationPlatforms) = preSolution
		Debug|Any CPU = Debug|Any CPU
		Release|Any CPU = Release|Any CPU
	EndGlobalSection
	GlobalSection(ProjectConfigurationPlatforms) = postSolution
		{5A3B5AD0-8F3F-4174-AAB0-C50E11C017BC}.Debug|Any CPU.ActiveCfg = Debug|Any CPU
		{5A3B5AD0-8F3F-4174-AAB0-C50E11C017BC}.Debug|Any CPU.Build.0 = Debug|Any CPU
		{5A3B5AD0-8F3F-4174-AAB0-C50E11C017BC}.Release|Any CPU.ActiveCfg = Release|Any CPU
		{5A3B5AD0-8F3F-4174-AAB0-C50E11C017BC}.Release|Any CPU.Build.0 = Release|Any CPU
	EndGlobalSection
	GlobalSection(SolutionProperties) = preSolution
		HideSolutionNode = FALSE
	EndGlobalSection
	GlobalSection(ExtensibilityGlobals) = postSolution
		SolutionGuid = {66679ED7-6872-4EE2-8557-85F59E8D792A}
	EndGlobalSection
EndGlobal
